
Microsoft Visual Studio Solution File, Format Version 12.00
# Visual Studio Version 16
VisualStudioVersion = 16.0.30907.101
MinimumVisualStudioVersion = 10.0.40219.1
Project("{FAE04EC0-301F-11D3-BF4B-00C04F79EFBC}") = "jaas-jwt", "jaas-jwt.csproj", "{27F75351-1CD6-41FE-9A0C-ED4B59650371}"
EndProject
Global
	GlobalSection(SolutionConfigurationPlatforms) = preSolution
		Debug|Any CPU = Debug|Any CPU
		Release|Any CPU = Release|Any CPU
	EndGlobalSection
	GlobalSection(ProjectConfigurationPlatforms) = postSolution
		{27F75351-1CD6-41FE-9A0C-ED4B59650371}.Debug|Any CPU.ActiveCfg = Debug|Any CPU
		{27F75351-1CD6-41FE-9A0C-ED4B59650371}.Debug|Any CPU.Build.0 = Debug|Any CPU
		{27F75351-1CD6-41FE-9A0C-ED4B59650371}.Release|Any CPU.ActiveCfg = Release|Any CPU
		{27F75351-1CD6-41FE-9A0C-ED4B59650371}.Release|Any CPU.Build.0 = Release|Any CPU
	EndGlobalSection
	GlobalSection(SolutionProperties) = preSolution
		HideSolutionNode = FALSE
	EndGlobalSection
	GlobalSection(ExtensibilityGlobals) = postSolution
		SolutionGuid = {98A8355C-F4AF-4D83-9A37-6A33D9746CA4}
	EndGlobalSection
EndGlobal
